
Microsoft Visual Studio Solution File, Format Version 12.00
# Visual Studio Version 17
VisualStudioVersion = 17.1.32210.238
MinimumVisualStudioVersion = 10.0.40219.1
Project("{FAE04EC0-301F-11D3-BF4B-00C04F79EFBC}") = "praktikumw13", "praktikumw13\praktikumw13.csproj", "{4639A9D3-E099-48BA-A54D-FF7AB8626D28}"
EndProject
Global
	GlobalSection(SolutionConfigurationPlatforms) = preSolution
		Debug|Any CPU = Debug|Any CPU
		Release|Any CPU = Release|Any CPU
	EndGlobalSection
	GlobalSection(ProjectConfigurationPlatforms) = postSolution
		{4639A9D3-E099-48BA-A54D-FF7AB8626D28}.Debug|Any CPU.ActiveCfg = Debug|Any CPU
		{4639A9D3-E099-48BA-A54D-FF7AB8626D28}.Debug|Any CPU.Build.0 = Debug|Any CPU
		{4639A9D3-E099-48BA-A54D-FF7AB8626D28}.Release|Any CPU.ActiveCfg = Release|Any CPU
		{4639A9D3-E099-48BA-A54D-FF7AB8626D28}.Release|Any CPU.Build.0 = Release|Any CPU
	EndGlobalSection
	GlobalSection(SolutionProperties) = preSolution
		HideSolutionNode = FALSE
	EndGlobalSection
	GlobalSection(ExtensibilityGlobals) = postSolution
		SolutionGuid = {021B364C-28DD-4F7F-9BA4-CF2C374DEBCF}
	EndGlobalSection
EndGlobal
